// !$*UTF8*$!
{
	archiveVersion = 1;
	classes = {
	};
	objectVersion = 46;
	objects = {

/* Begin PBXBuildFile section */
		7977015319D0FB29009A7251 /* Foundation.framework in Frameworks */ = {isa = PBXBuildFile; fileRef = 7977015219D0FB29009A7251 /* Foundation.framework */; };
		7977015519D0FB29009A7251 /* CoreGraphics.framework in Frameworks */ = {isa = PBXBuildFile; fileRef = 7977015419D0FB29009A7251 /* CoreGraphics.framework */; };
		7977015719D0FB29009A7251 /* UIKit.framework in Frameworks */ = {isa = PBXBuildFile; fileRef = 7977015619D0FB29009A7251 /* UIKit.framework */; };
		7977015D19D0FB2A009A7251 /* InfoPlist.strings in Resources */ = {isa = PBXBuildFile; fileRef = 7977015B19D0FB2A009A7251 /* InfoPlist.strings */; };
		7977015F19D0FB2A009A7251 /* main.m in Sources */ = {isa = PBXBuildFile; fileRef = 7977015E19D0FB2A009A7251 /* main.m */; };
		7977016319D0FB2A009A7251 /* AppDelegate.m in Sources */ = {isa = PBXBuildFile; fileRef = 7977016219D0FB2A009A7251 /* AppDelegate.m */; };
		7977016619D0FB2A009A7251 /* Main_iPhone.storyboard in Resources */ = {isa = PBXBuildFile; fileRef = 7977016419D0FB2A009A7251 /* Main_iPhone.storyboard */; };
		7977016919D0FB2A009A7251 /* Main_iPad.storyboard in Resources */ = {isa = PBXBuildFile; fileRef = 7977016719D0FB2A009A7251 /* Main_iPad.storyboard */; };
		7977016C19D0FB2A009A7251 /* ViewController.m in Sources */ = {isa = PBXBuildFile; fileRef = 7977016B19D0FB2A009A7251 /* ViewController.m */; };
		7977016E19D0FB2A009A7251 /* Images.xcassets in Resources */ = {isa = PBXBuildFile; fileRef = 7977016D19D0FB2A009A7251 /* Images.xcassets */; };
		7977017519D0FB2A009A7251 /* XCTest.framework in Frameworks */ = {isa = PBXBuildFile; fileRef = 7977017419D0FB2A009A7251 /* XCTest.framework */; };
		7977017619D0FB2A009A7251 /* Foundation.framework in Frameworks */ = {isa = PBXBuildFile; fileRef = 7977015219D0FB29009A7251 /* Foundation.framework */; };
		7977017719D0FB2A009A7251 /* UIKit.framework in Frameworks */ = {isa = PBXBuildFile; fileRef = 7977015619D0FB29009A7251 /* UIKit.framework */; };
		7977017F19D0FB2A009A7251 /* InfoPlist.strings in Resources */ = {isa = PBXBuildFile; fileRef = 7977017D19D0FB2A009A7251 /* InfoPlist.strings */; };
		7977018119D0FB2A009A7251 /* ListViewTests.m in Sources */ = {isa = PBXBuildFile; fileRef = 7977018019D0FB2A009A7251 /* ListViewTests.m */; };
/* End PBXBuildFile section */

/* Begin PBXContainerItemProxy section */
		7977017819D0FB2A009A7251 /* PBXContainerItemProxy */ = {
			isa = PBXContainerItemProxy;
			containerPortal = 7977014719D0FB29009A7251 /* Project object */;
			proxyType = 1;
			remoteGlobalIDString = 7977014E19D0FB29009A7251;
			remoteInfo = ListView;
		};
/* End PBXContainerItemProxy section */

/* Begin PBXFileReference section */
		7977014F19D0FB29009A7251 /* ListView.app */ = {isa = PBXFileReference; explicitFileType = wrapper.application; includeInIndex = 0; path = ListView.app; sourceTree = BUILT_PRODUCTS_DIR; };
		7977015219D0FB29009A7251 /* Foundation.framework */ = {isa = PBXFileReference; lastKnownFileType = wrapper.framework; name = Foundation.framework; path = System/Library/Frameworks/Foundation.framework; sourceTree = SDKROOT; };
		7977015419D0FB29009A7251 /* CoreGraphics.framework */ = {isa = PBXFileReference; lastKnownFileType = wrapper.framework; name = CoreGraphics.framework; path = System/Library/Frameworks/CoreGraphics.framework; sourceTree = SDKROOT; };
		7977015619D0FB29009A7251 /* UIKit.framework */ = {isa = PBXFileReference; lastKnownFileType = wrapper.framework; name = UIKit.framework; path = System/Library/Frameworks/UIKit.framework; sourceTree = SDKROOT; };
		7977015A19D0FB2A009A7251 /* ListView-Info.plist */ = {isa = PBXFileReference; lastKnownFileType = text.plist.xml; path = "ListView-Info.plist"; sourceTree = "<group>"; };
		7977015C19D0FB2A009A7251 /* en */ = {isa = PBXFileReference; lastKnownFileType = text.plist.strings; name = en; path = en.lproj/InfoPlist.strings; sourceTree = "<group>"; };
		7977015E19D0FB2A009A7251 /* main.m */ = {isa = PBXFileReference; lastKnownFileType = sourcecode.c.objc; path = main.m; sourceTree = "<group>"; };
		7977016019D0FB2A009A7251 /* ListView-Prefix.pch */ = {isa = PBXFileReference; lastKnownFileType = sourcecode.c.h; path = "ListView-Prefix.pch"; sourceTree = "<group>"; };
		7977016119D0FB2A009A7251 /* AppDelegate.h */ = {isa = PBXFileReference; lastKnownFileType = sourcecode.c.h; path = AppDelegate.h; sourceTree = "<group>"; };
		7977016219D0FB2A009A7251 /* AppDelegate.m */ = {isa = PBXFileReference; lastKnownFileType = sourcecode.c.objc; path = AppDelegate.m; sourceTree = "<group>"; };
		7977016519D0FB2A009A7251 /* Base */ = {isa = PBXFileReference; lastKnownFileType = file.storyboard; name = Base; path = Base.lproj/Main_iPhone.storyboard; sourceTree = "<group>"; };
		7977016819D0FB2A009A7251 /* Base */ = {isa = PBXFileReference; lastKnownFileType = file.storyboard; name = Base; path = Base.lproj/Main_iPad.storyboard; sourceTree = "<group>"; };
		7977016A19D0FB2A009A7251 /* ViewController.h */ = {isa = PBXFileReference; lastKnownFileType = sourcecode.c.h; path = ViewController.h; sourceTree = "<group>"; };
		7977016B19D0FB2A009A7251 /* ViewController.m */ = {isa = PBXFileReference; lastKnownFileType = sourcecode.c.objc; path = ViewController.m; sourceTree = "<group>"; };
		7977016D19D0FB2A009A7251 /* Images.xcassets */ = {isa = PBXFileReference; lastKnownFileType = folder.assetcatalog; path = Images.xcassets; sourceTree = "<group>"; };
		7977017319D0FB2A009A7251 /* ListViewTests.xctest */ = {isa = PBXFileReference; explicitFileType = wrapper.cfbundle; includeInIndex = 0; path = ListViewTests.xctest; sourceTree = BUILT_PRODUCTS_DIR; };
		7977017419D0FB2A009A7251 /* XCTest.framework */ = {isa = PBXFileReference; lastKnownFileType = wrapper.framework; name = XCTest.framework; path = Library/Frameworks/XCTest.framework; sourceTree = DEVELOPER_DIR; };
		7977017C19D0FB2A009A7251 /* ListViewTests-Info.plist */ = {isa = PBXFileReference; lastKnownFileType = text.plist.xml; path = "ListViewTests-Info.plist"; sourceTree = "<group>"; };
		7977017E19D0FB2A009A7251 /* en */ = {isa = PBXFileReference; lastKnownFileType = text.plist.strings; name = en; path = en.lproj/InfoPlist.strings; sourceTree = "<group>"; };
		7977018019D0FB2A009A7251 /* ListViewTests.m */ = {isa = PBXFileReference; lastKnownFileType = sourcecode.c.objc; path = ListViewTests.m; sourceTree = "<group>"; };
/* End PBXFileReference section */

/* Begin PBXFrameworksBuildPhase section */
		7977014C19D0FB29009A7251 /* Frameworks */ = {
			isa = PBXFrameworksBuildPhase;
			buildActionMask = 2147483647;
			files = (
				7977015519D0FB29009A7251 /* CoreGraphics.framework in Frameworks */,
				7977015719D0FB29009A7251 /* UIKit.framework in Frameworks */,
				7977015319D0FB29009A7251 /* Foundation.framework in Frameworks */,
			);
			runOnlyForDeploymentPostprocessing = 0;
		};
		7977017019D0FB2A009A7251 /* Frameworks */ = {
			isa = PBXFrameworksBuildPhase;
			buildActionMask = 2147483647;
			files = (
				7977017519D0FB2A009A7251 /* XCTest.framework in Frameworks */,
				7977017719D0FB2A009A7251 /* UIKit.framework in Frameworks */,
				7977017619D0FB2A009A7251 /* Foundation.framework in Frameworks */,
			);
			runOnlyForDeploymentPostprocessing = 0;
		};
/* End PBXFrameworksBuildPhase section */

/* Begin PBXGroup section */
		7977014619D0FB29009A7251 = {
			isa = PBXGroup;
			children = (
				7977015819D0FB2A009A7251 /* ListView */,
				7977017A19D0FB2A009A7251 /* ListViewTests */,
				7977015119D0FB29009A7251 /* Frameworks */,
				7977015019D0FB29009A7251 /* Products */,
			);
			sourceTree = "<group>";
		};
		7977015019D0FB29009A7251 /* Products */ = {
			isa = PBXGroup;
			children = (
				7977014F19D0FB29009A7251 /* ListView.app */,
				7977017319D0FB2A009A7251 /* ListViewTests.xctest */,
			);
			name = Products;
			sourceTree = "<group>";
		};
		7977015119D0FB29009A7251 /* Frameworks */ = {
			isa = PBXGroup;
			children = (
				7977015219D0FB29009A7251 /* Foundation.framework */,
				7977015419D0FB29009A7251 /* CoreGraphics.framework */,
				7977015619D0FB29009A7251 /* UIKit.framework */,
				7977017419D0FB2A009A7251 /* XCTest.framework */,
			);
			name = Frameworks;
			sourceTree = "<group>";
		};
		7977015819D0FB2A009A7251 /* ListView */ = {
			isa = PBXGroup;
			children = (
				7977016119D0FB2A009A7251 /* AppDelegate.h */,
				7977016219D0FB2A009A7251 /* AppDelegate.m */,
				7977016419D0FB2A009A7251 /* Main_iPhone.storyboard */,
				7977016719D0FB2A009A7251 /* Main_iPad.storyboard */,
				7977016A19D0FB2A009A7251 /* ViewController.h */,
				7977016B19D0FB2A009A7251 /* ViewController.m */,
				7977016D19D0FB2A009A7251 /* Images.xcassets */,
				7977015919D0FB2A009A7251 /* Supporting Files */,
			);
			path = ListView;
			sourceTree = "<group>";
		};
		7977015919D0FB2A009A7251 /* Supporting Files */ = {
			isa = PBXGroup;
			children = (
				7977015A19D0FB2A009A7251 /* ListView-Info.plist */,
				7977015B19D0FB2A009A7251 /* InfoPlist.strings */,
				7977015E19D0FB2A009A7251 /* main.m */,
				7977016019D0FB2A009A7251 /* ListView-Prefix.pch */,
			);
			name = "Supporting Files";
			sourceTree = "<group>";
		};
		7977017A19D0FB2A009A7251 /* ListViewTests */ = {
			isa = PBXGroup;
			children = (
				7977018019D0FB2A009A7251 /* ListViewTests.m */,
				7977017B19D0FB2A009A7251 /* Supporting Files */,
			);
			path = ListViewTests;
			sourceTree = "<group>";
		};
		7977017B19D0FB2A009A7251 /* Supporting Files */ = {
			isa = PBXGroup;
			children = (
				7977017C19D0FB2A009A7251 /* ListViewTests-Info.plist */,
				7977017D19D0FB2A009A7251 /* InfoPlist.strings */,
			);
			name = "Supporting Files";
			sourceTree = "<group>";
		};
/* End PBXGroup section */

/* Begin PBXNativeTarget section */
		7977014E19D0FB29009A7251 /* ListView */ = {
			isa = PBXNativeTarget;
			buildConfigurationList = 7977018419D0FB2A009A7251 /* Build configuration list for PBXNativeTarget "ListView" */;
			buildPhases = (
				7977014B19D0FB29009A7251 /* Sources */,
				7977014C19D0FB29009A7251 /* Frameworks */,
				7977014D19D0FB29009A7251 /* Resources */,
			);
			buildRules = (
			);
			dependencies = (
			);
			name = ListView;
			productName = ListView;
			productReference = 7977014F19D0FB29009A7251 /* ListView.app */;
			productType = "com.apple.product-type.application";
		};
		7977017219D0FB2A009A7251 /* ListViewTests */ = {
			isa = PBXNativeTarget;
			buildConfigurationList = 7977018719D0FB2A009A7251 /* Build configuration list for PBXNativeTarget "ListViewTests" */;
			buildPhases = (
				7977016F19D0FB2A009A7251 /* Sources */,
				7977017019D0FB2A009A7251 /* Frameworks */,
				7977017119D0FB2A009A7251 /* Resources */,
			);
			buildRules = (
			);
			dependencies = (
				7977017919D0FB2A009A7251 /* PBXTargetDependency */,
			);
			name = ListViewTests;
			productName = ListViewTests;
			productReference = 7977017319D0FB2A009A7251 /* ListViewTests.xctest */;
			productType = "com.apple.product-type.bundle.unit-test";
		};
/* End PBXNativeTarget section */

/* Begin PBXProject section */
		7977014719D0FB29009A7251 /* Project object */ = {
			isa = PBXProject;
			attributes = {
				LastUpgradeCheck = 0510;
				ORGANIZATIONNAME = "Rexen Dy";
				TargetAttributes = {
					7977017219D0FB2A009A7251 = {
						TestTargetID = 7977014E19D0FB29009A7251;
					};
				};
			};
			buildConfigurationList = 7977014A19D0FB29009A7251 /* Build configuration list for PBXProject "ListView" */;
			compatibilityVersion = "Xcode 3.2";
			developmentRegion = English;
			hasScannedForEncodings = 0;
			knownRegions = (
				en,
				Base,
			);
			mainGroup = 7977014619D0FB29009A7251;
			productRefGroup = 7977015019D0FB29009A7251 /* Products */;
			projectDirPath = "";
			projectRoot = "";
			targets = (
				7977014E19D0FB29009A7251 /* ListView */,
				7977017219D0FB2A009A7251 /* ListViewTests */,
			);
		};
/* End PBXProject section */

/* Begin PBXResourcesBuildPhase section */
		7977014D19D0FB29009A7251 /* Resources */ = {
			isa = PBXResourcesBuildPhase;
			buildActionMask = 2147483647;
			files = (
				7977016919D0FB2A009A7251 /* Main_iPad.storyboard in Resources */,
				7977016E19D0FB2A009A7251 /* Images.xcassets in Resources */,
				7977016619D0FB2A009A7251 /* Main_iPhone.storyboard in Resources */,
				7977015D19D0FB2A009A7251 /* InfoPlist.strings in Resources */,
			);
			runOnlyForDeploymentPostprocessing = 0;
		};
		7977017119D0FB2A009A7251 /* Resources */ = {
			isa = PBXResourcesBuildPhase;
			buildActionMask = 2147483647;
			files = (
				7977017F19D0FB2A009A7251 /* InfoPlist.strings in Resources */,
			);
			runOnlyForDeploymentPostprocessing = 0;
		};
/* End PBXResourcesBuildPhase section */

/* Begin PBXSourcesBuildPhase section */
		7977014B19D0FB29009A7251 /* Sources */ = {
			isa = PBXSourcesBuildPhase;
			buildActionMask = 2147483647;
			files = (
				7977016C19D0FB2A009A7251 /* ViewController.m in Sources */,
				7977016319D0FB2A009A7251 /* AppDelegate.m in Sources */,
				7977015F19D0FB2A009A7251 /* main.m in Sources */,
			);
			runOnlyForDeploymentPostprocessing = 0;
		};
		7977016F19D0FB2A009A7251 /* Sources */ = {
			isa = PBXSourcesBuildPhase;
			buildActionMask = 2147483647;
			files = (
				7977018119D0FB2A009A7251 /* ListViewTests.m in Sources */,
			);
			runOnlyForDeploymentPostprocessing = 0;
		};
/* End PBXSourcesBuildPhase section */

/* Begin PBXTargetDependency section */
		7977017919D0FB2A009A7251 /* PBXTargetDependency */ = {
			isa = PBXTargetDependency;
			target = 7977014E19D0FB29009A7251 /* ListView */;
			targetProxy = 7977017819D0FB2A009A7251 /* PBXContainerItemProxy */;
		};
/* End PBXTargetDependency section */

/* Begin PBXVariantGroup section */
		7977015B19D0FB2A009A7251 /* InfoPlist.strings */ = {
			isa = PBXVariantGroup;
			children = (
				7977015C19D0FB2A009A7251 /* en */,
			);
			name = InfoPlist.strings;
			sourceTree = "<group>";
		};
		7977016419D0FB2A009A7251 /* Main_iPhone.storyboard */ = {
			isa = PBXVariantGroup;
			children = (
				7977016519D0FB2A009A7251 /* Base */,
			);
			name = Main_iPhone.storyboard;
			sourceTree = "<group>";
		};
		7977016719D0FB2A009A7251 /* Main_iPad.storyboard */ = {
			isa = PBXVariantGroup;
			children = (
				7977016819D0FB2A009A7251 /* Base */,
			);
			name = Main_iPad.storyboard;
			sourceTree = "<group>";
		};
		7977017D19D0FB2A009A7251 /* InfoPlist.strings */ = {
			isa = PBXVariantGroup;
			children = (
				7977017E19D0FB2A009A7251 /* en */,
			);
			name = InfoPlist.strings;
			sourceTree = "<group>";
		};
/* End PBXVariantGroup section */

/* Begin XCBuildConfiguration section */
		7977018219D0FB2A009A7251 /* Debug */ = {
			isa = XCBuildConfiguration;
			buildSettings = {
				ALWAYS_SEARCH_USER_PATHS = NO;
				CLANG_CXX_LANGUAGE_STANDARD = "gnu++0x";
				CLANG_CXX_LIBRARY = "libc++";
				CLANG_ENABLE_MODULES = YES;
				CLANG_ENABLE_OBJC_ARC = YES;
				CLANG_WARN_BOOL_CONVERSION = YES;
				CLANG_WARN_CONSTANT_CONVERSION = YES;
				CLANG_WARN_DIRECT_OBJC_ISA_USAGE = YES_ERROR;
				CLANG_WARN_EMPTY_BODY = YES;
				CLANG_WARN_ENUM_CONVERSION = YES;
				CLANG_WARN_INT_CONVERSION = YES;
				CLANG_WARN_OBJC_ROOT_CLASS = YES_ERROR;
				CLANG_WARN__DUPLICATE_METHOD_MATCH = YES;
				"CODE_SIGN_IDENTITY[sdk=iphoneos*]" = "iPhone Developer";
				COPY_PHASE_STRIP = NO;
				GCC_C_LANGUAGE_STANDARD = gnu99;
				GCC_DYNAMIC_NO_PIC = NO;
				GCC_OPTIMIZATION_LEVEL = 0;
				GCC_PREPROCESSOR_DEFINITIONS = (
					"DEBUG=1",
					"$(inherited)",
				);
				GCC_SYMBOLS_PRIVATE_EXTERN = NO;
				GCC_WARN_64_TO_32_BIT_CONVERSION = YES;
				GCC_WARN_ABOUT_RETURN_TYPE = YES_ERROR;
				GCC_WARN_UNDECLARED_SELECTOR = YES;
				GCC_WARN_UNINITIALIZED_AUTOS = YES_AGGRESSIVE;
				GCC_WARN_UNUSED_FUNCTION = YES;
				GCC_WARN_UNUSED_VARIABLE = YES;
				IPHONEOS_DEPLOYMENT_TARGET = 7.1;
				ONLY_ACTIVE_ARCH = YES;
				SDKROOT = iphoneos;
				TARGETED_DEVICE_FAMILY = "1,2";
			};
			name = Debug;
		};
		7977018319D0FB2A009A7251 /* Release */ = {
			isa = XCBuildConfiguration;
			buildSettings = {
				ALWAYS_SEARCH_USER_PATHS = NO;
				CLANG_CXX_LANGUAGE_STANDARD = "gnu++0x";
				CLANG_CXX_LIBRARY = "libc++";
				CLANG_ENABLE_MODULES = YES;
				CLANG_ENABLE_OBJC_ARC = YES;
				CLANG_WARN_BOOL_CONVERSION = YES;
				CLANG_WARN_CONSTANT_CONVERSION = YES;
				CLANG_WARN_DIRECT_OBJC_ISA_USAGE = YES_ERROR;
				CLANG_WARN_EMPTY_BODY = YES;
				CLANG_WARN_ENUM_CONVERSION = YES;
				CLANG_WARN_INT_CONVERSION = YES;
				CLANG_WARN_OBJC_ROOT_CLASS = YES_ERROR;
				CLANG_WARN__DUPLICATE_METHOD_MATCH = YES;
				"CODE_SIGN_IDENTITY[sdk=iphoneos*]" = "iPhone Developer";
				COPY_PHASE_STRIP = YES;
				ENABLE_NS_ASSERTIONS = NO;
				GCC_C_LANGUAGE_STANDARD = gnu99;
				GCC_WARN_64_TO_32_BIT_CONVERSION = YES;
				GCC_WARN_ABOUT_RETURN_TYPE = YES_ERROR;
				GCC_WARN_UNDECLARED_SELECTOR = YES;
				GCC_WARN_UNINITIALIZED_AUTOS = YES_AGGRESSIVE;
				GCC_WARN_UNUSED_FUNCTION = YES;
				GCC_WARN_UNUSED_VARIABLE = YES;
				IPHONEOS_DEPLOYMENT_TARGET = 7.1;
				SDKROOT = iphoneos;
				TARGETED_DEVICE_FAMILY = "1,2";
				VALIDATE_PRODUCT = YES;
			};
			name = Release;
		};
		7977018519D0FB2A009A7251 /* Debug */ = {
			isa = XCBuildConfiguration;
			buildSettings = {
				ASSETCATALOG_COMPILER_APPICON_NAME = AppIcon;
				ASSETCATALOG_COMPILER_LAUNCHIMAGE_NAME = LaunchImage;
				GCC_PRECOMPILE_PREFIX_HEADER = YES;
				GCC_PREFIX_HEADER = "ListView/ListView-Prefix.pch";
				INFOPLIST_FILE = "ListView/ListView-Info.plist";
				PRODUCT_NAME = "$(TARGET_NAME)";
				WRAPPER_EXTENSION = app;
			};
			name = Debug;
		};
		7977018619D0FB2A009A7251 /* Release */ = {
			isa = XCBuildConfiguration;
			buildSettings = {
				ASSETCATALOG_COMPILER_APPICON_NAME = AppIcon;
				ASSETCATALOG_COMPILER_LAUNCHIMAGE_NAME = LaunchImage;
				GCC_PRECOMPILE_PREFIX_HEADER = YES;
				GCC_PREFIX_HEADER = "ListView/ListView-Prefix.pch";
				INFOPLIST_FILE = "ListView/ListView-Info.plist";
				PRODUCT_NAME = "$(TARGET_NAME)";
				WRAPPER_EXTENSION = app;
			};
			name = Release;
		};
		7977018819D0FB2A009A7251 /* Debug */ = {
			isa = XCBuildConfiguration;
			buildSettings = {
				BUNDLE_LOADER = "$(BUILT_PRODUCTS_DIR)/ListView.app/ListView";
				FRAMEWORK_SEARCH_PATHS = (
					"$(SDKROOT)/Developer/Library/Frameworks",
					"$(inherited)",
					"$(DEVELOPER_FRAMEWORKS_DIR)",
				);
				GCC_PRECOMPILE_PREFIX_HEADER = YES;
				GCC_PREFIX_HEADER = "ListView/ListView-Prefix.pch";
				GCC_PREPROCESSOR_DEFINITIONS = (
					"DEBUG=1",
					"$(inherited)",
				);
				INFOPLIST_FILE = "ListViewTests/ListViewTests-Info.plist";
				PRODUCT_NAME = "$(TARGET_NAME)";
				TEST_HOST = "$(BUNDLE_LOADER)";
				WRAPPER_EXTENSION = xctest;
			};
			name = Debug;
		};
		7977018919D0FB2A009A7251 /* Release */ = {
			isa = XCBuildConfiguration;
			buildSettings = {
				BUNDLE_LOADER = "$(BUILT_PRODUCTS_DIR)/ListView.app/ListView";
				FRAMEWORK_SEARCH_PATHS = (
					"$(SDKROOT)/Developer/Library/Frameworks",
					"$(inherited)",
					"$(DEVELOPER_FRAMEWORKS_DIR)",
				);
				GCC_PRECOMPILE_PREFIX_HEADER = YES;
				GCC_PREFIX_HEADER = "ListView/ListView-Prefix.pch";
				INFOPLIST_FILE = "ListViewTests/ListViewTests-Info.plist";
				PRODUCT_NAME = "$(TARGET_NAME)";
				TEST_HOST = "$(BUNDLE_LOADER)";
				WRAPPER_EXTENSION = xctest;
			};
			name = Release;
		};
/* End XCBuildConfiguration section */

/* Begin XCConfigurationList section */
		7977014A19D0FB29009A7251 /* Build configuration list for PBXProject "ListView" */ = {
			isa = XCConfigurationList;
			buildConfigurations = (
				7977018219D0FB2A009A7251 /* Debug */,
				7977018319D0FB2A009A7251 /* Release */,
			);
			defaultConfigurationIsVisible = 0;
			defaultConfigurationName = Release;
		};
		7977018419D0FB2A009A7251 /* Build configuration list for PBXNativeTarget "ListView" */ = {
			isa = XCConfigurationList;
			buildConfigurations = (
				7977018519D0FB2A009A7251 /* Debug */,
				7977018619D0FB2A009A7251 /* Release */,
			);
			defaultConfigurationIsVisible = 0;
		};
		7977018719D0FB2A009A7251 /* Build configuration list for PBXNativeTarget "ListViewTests" */ = {
			isa = XCConfigurationList;
			buildConfigurations = (
				7977018819D0FB2A009A7251 /* Debug */,
				7977018919D0FB2A009A7251 /* Release */,
			);
			defaultConfigurationIsVisible = 0;
		};
/* End XCConfigurationList section */
	};
	rootObject = 7977014719D0FB29009A7251 /* Project object */;
}
